// !$*UTF8*$!
{
	archiveVersion = 1;
	classes = {
	};
	objectVersion = 46;
	objects = {

/* Begin PBXBuildFile section */
		20BF274819AB53750072D299 /* Foundation.framework in Frameworks */ = {isa = PBXBuildFile; fileRef = 20BF274719AB53750072D299 /* Foundation.framework */; };
		20BF274A19AB53750072D299 /* CoreGraphics.framework in Frameworks */ = {isa = PBXBuildFile; fileRef = 20BF274919AB53750072D299 /* CoreGraphics.framework */; };
		20BF274C19AB53750072D299 /* UIKit.framework in Frameworks */ = {isa = PBXBuildFile; fileRef = 20BF274B19AB53750072D299 /* UIKit.framework */; };
		20BF274E19AB53750072D299 /* CoreData.framework in Frameworks */ = {isa = PBXBuildFile; fileRef = 20BF274D19AB53750072D299 /* CoreData.framework */; };
		20BF275419AB53750072D299 /* InfoPlist.strings in Resources */ = {isa = PBXBuildFile; fileRef = 20BF275219AB53750072D299 /* InfoPlist.strings */; };
		20BF275619AB53750072D299 /* main.m in Sources */ = {isa = PBXBuildFile; fileRef = 20BF275519AB53750072D299 /* main.m */; };
		20BF275A19AB53750072D299 /* day4AcademyAppDelegate.m in Sources */ = {isa = PBXBuildFile; fileRef = 20BF275919AB53750072D299 /* day4AcademyAppDelegate.m */; };
		20BF275D19AB53750072D299 /* Main.storyboard in Resources */ = {isa = PBXBuildFile; fileRef = 20BF275B19AB53750072D299 /* Main.storyboard */; };
		20BF276019AB53750072D299 /* Academy387Day6.xcdatamodeld in Sources */ = {isa = PBXBuildFile; fileRef = 20BF275E19AB53750072D299 /* Academy387Day6.xcdatamodeld */; };
		20BF276319AB53750072D299 /* day4AcademyMasterViewController.m in Sources */ = {isa = PBXBuildFile; fileRef = 20BF276219AB53750072D299 /* day4AcademyMasterViewController.m */; };
		20BF276619AB53750072D299 /* day4AcademyDetailViewController.m in Sources */ = {isa = PBXBuildFile; fileRef = 20BF276519AB53750072D299 /* day4AcademyDetailViewController.m */; };
		20BF276819AB53750072D299 /* Images.xcassets in Resources */ = {isa = PBXBuildFile; fileRef = 20BF276719AB53750072D299 /* Images.xcassets */; };
		20BF276F19AB53750072D299 /* XCTest.framework in Frameworks */ = {isa = PBXBuildFile; fileRef = 20BF276E19AB53750072D299 /* XCTest.framework */; };
		20BF277019AB53750072D299 /* Foundation.framework in Frameworks */ = {isa = PBXBuildFile; fileRef = 20BF274719AB53750072D299 /* Foundation.framework */; };
		20BF277119AB53750072D299 /* UIKit.framework in Frameworks */ = {isa = PBXBuildFile; fileRef = 20BF274B19AB53750072D299 /* UIKit.framework */; };
		20BF277219AB53750072D299 /* CoreData.framework in Frameworks */ = {isa = PBXBuildFile; fileRef = 20BF274D19AB53750072D299 /* CoreData.framework */; };
		20BF277A19AB53750072D299 /* InfoPlist.strings in Resources */ = {isa = PBXBuildFile; fileRef = 20BF277819AB53750072D299 /* InfoPlist.strings */; };
		20BF277C19AB53750072D299 /* Academy387Day6Tests.m in Sources */ = {isa = PBXBuildFile; fileRef = 20BF277B19AB53750072D299 /* Academy387Day6Tests.m */; };
/* End PBXBuildFile section */

/* Begin PBXContainerItemProxy section */
		20BF277319AB53750072D299 /* PBXContainerItemProxy */ = {
			isa = PBXContainerItemProxy;
			containerPortal = 20BF273C19AB53750072D299 /* Project object */;
			proxyType = 1;
			remoteGlobalIDString = 20BF274319AB53750072D299;
			remoteInfo = Academy387Day6;
		};
/* End PBXContainerItemProxy section */

/* Begin PBXFileReference section */
		20BF274419AB53750072D299 /* Academy387Day6.app */ = {isa = PBXFileReference; explicitFileType = wrapper.application; includeInIndex = 0; path = Academy387Day6.app; sourceTree = BUILT_PRODUCTS_DIR; };
		20BF274719AB53750072D299 /* Foundation.framework */ = {isa = PBXFileReference; lastKnownFileType = wrapper.framework; name = Foundation.framework; path = System/Library/Frameworks/Foundation.framework; sourceTree = SDKROOT; };
		20BF274919AB53750072D299 /* CoreGraphics.framework */ = {isa = PBXFileReference; lastKnownFileType = wrapper.framework; name = CoreGraphics.framework; path = System/Library/Frameworks/CoreGraphics.framework; sourceTree = SDKROOT; };
		20BF274B19AB53750072D299 /* UIKit.framework */ = {isa = PBXFileReference; lastKnownFileType = wrapper.framework; name = UIKit.framework; path = System/Library/Frameworks/UIKit.framework; sourceTree = SDKROOT; };
		20BF274D19AB53750072D299 /* CoreData.framework */ = {isa = PBXFileReference; lastKnownFileType = wrapper.framework; name = CoreData.framework; path = System/Library/Frameworks/CoreData.framework; sourceTree = SDKROOT; };
		20BF275119AB53750072D299 /* Academy387Day6-Info.plist */ = {isa = PBXFileReference; lastKnownFileType = text.plist.xml; path = "Academy387Day6-Info.plist"; sourceTree = "<group>"; };
		20BF275319AB53750072D299 /* en */ = {isa = PBXFileReference; lastKnownFileType = text.plist.strings; name = en; path = en.lproj/InfoPlist.strings; sourceTree = "<group>"; };
		20BF275519AB53750072D299 /* main.m */ = {isa = PBXFileReference; lastKnownFileType = sourcecode.c.objc; path = main.m; sourceTree = "<group>"; };
		20BF275719AB53750072D299 /* Academy387Day6-Prefix.pch */ = {isa = PBXFileReference; lastKnownFileType = sourcecode.c.h; path = "Academy387Day6-Prefix.pch"; sourceTree = "<group>"; };
		20BF275819AB53750072D299 /* day4AcademyAppDelegate.h */ = {isa = PBXFileReference; lastKnownFileType = sourcecode.c.h; path = day4AcademyAppDelegate.h; sourceTree = "<group>"; };
		20BF275919AB53750072D299 /* day4AcademyAppDelegate.m */ = {isa = PBXFileReference; lastKnownFileType = sourcecode.c.objc; path = day4AcademyAppDelegate.m; sourceTree = "<group>"; };
		20BF275C19AB53750072D299 /* Base */ = {isa = PBXFileReference; lastKnownFileType = file.storyboard; name = Base; path = Base.lproj/Main.storyboard; sourceTree = "<group>"; };
		20BF275F19AB53750072D299 /* Academy387Day6.xcdatamodel */ = {isa = PBXFileReference; lastKnownFileType = wrapper.xcdatamodel; path = Academy387Day6.xcdatamodel; sourceTree = "<group>"; };
		20BF276119AB53750072D299 /* day4AcademyMasterViewController.h */ = {isa = PBXFileReference; lastKnownFileType = sourcecode.c.h; path = day4AcademyMasterViewController.h; sourceTree = "<group>"; };
		20BF276219AB53750072D299 /* day4AcademyMasterViewController.m */ = {isa = PBXFileReference; lastKnownFileType = sourcecode.c.objc; path = day4AcademyMasterViewController.m; sourceTree = "<group>"; };
		20BF276419AB53750072D299 /* day4AcademyDetailViewController.h */ = {isa = PBXFileReference; lastKnownFileType = sourcecode.c.h; path = day4AcademyDetailViewController.h; sourceTree = "<group>"; };
		20BF276519AB53750072D299 /* day4AcademyDetailViewController.m */ = {isa = PBXFileReference; lastKnownFileType = sourcecode.c.objc; path = day4AcademyDetailViewController.m; sourceTree = "<group>"; };
		20BF276719AB53750072D299 /* Images.xcassets */ = {isa = PBXFileReference; lastKnownFileType = folder.assetcatalog; path = Images.xcassets; sourceTree = "<group>"; };
		20BF276D19AB53750072D299 /* Academy387Day6Tests.xctest */ = {isa = PBXFileReference; explicitFileType = wrapper.cfbundle; includeInIndex = 0; path = Academy387Day6Tests.xctest; sourceTree = BUILT_PRODUCTS_DIR; };
		20BF276E19AB53750072D299 /* XCTest.framework */ = {isa = PBXFileReference; lastKnownFileType = wrapper.framework; name = XCTest.framework; path = Library/Frameworks/XCTest.framework; sourceTree = DEVELOPER_DIR; };
		20BF277719AB53750072D299 /* Academy387Day6Tests-Info.plist */ = {isa = PBXFileReference; lastKnownFileType = text.plist.xml; path = "Academy387Day6Tests-Info.plist"; sourceTree = "<group>"; };
		20BF277919AB53750072D299 /* en */ = {isa = PBXFileReference; lastKnownFileType = text.plist.strings; name = en; path = en.lproj/InfoPlist.strings; sourceTree = "<group>"; };
		20BF277B19AB53750072D299 /* Academy387Day6Tests.m */ = {isa = PBXFileReference; lastKnownFileType = sourcecode.c.objc; path = Academy387Day6Tests.m; sourceTree = "<group>"; };
/* End PBXFileReference section */

/* Begin PBXFrameworksBuildPhase section */
		20BF274119AB53750072D299 /* Frameworks */ = {
			isa = PBXFrameworksBuildPhase;
			buildActionMask = 2147483647;
			files = (
				20BF274A19AB53750072D299 /* CoreGraphics.framework in Frameworks */,
				20BF274E19AB53750072D299 /* CoreData.framework in Frameworks */,
				20BF274C19AB53750072D299 /* UIKit.framework in Frameworks */,
				20BF274819AB53750072D299 /* Foundation.framework in Frameworks */,
			);
			runOnlyForDeploymentPostprocessing = 0;
		};
		20BF276A19AB53750072D299 /* Frameworks */ = {
			isa = PBXFrameworksBuildPhase;
			buildActionMask = 2147483647;
			files = (
				20BF276F19AB53750072D299 /* XCTest.framework in Frameworks */,
				20BF277219AB53750072D299 /* CoreData.framework in Frameworks */,
				20BF277119AB53750072D299 /* UIKit.framework in Frameworks */,
				20BF277019AB53750072D299 /* Foundation.framework in Frameworks */,
			);
			runOnlyForDeploymentPostprocessing = 0;
		};
/* End PBXFrameworksBuildPhase section */

/* Begin PBXGroup section */
		20BF273B19AB53750072D299 = {
			isa = PBXGroup;
			children = (
				20BF274F19AB53750072D299 /* Academy387Day6 */,
				20BF277519AB53750072D299 /* Academy387Day6Tests */,
				20BF274619AB53750072D299 /* Frameworks */,
				20BF274519AB53750072D299 /* Products */,
			);
			sourceTree = "<group>";
		};
		20BF274519AB53750072D299 /* Products */ = {
			isa = PBXGroup;
			children = (
				20BF274419AB53750072D299 /* Academy387Day6.app */,
				20BF276D19AB53750072D299 /* Academy387Day6Tests.xctest */,
			);
			name = Products;
			sourceTree = "<group>";
		};
		20BF274619AB53750072D299 /* Frameworks */ = {
			isa = PBXGroup;
			children = (
				20BF274719AB53750072D299 /* Foundation.framework */,
				20BF274919AB53750072D299 /* CoreGraphics.framework */,
				20BF274B19AB53750072D299 /* UIKit.framework */,
				20BF274D19AB53750072D299 /* CoreData.framework */,
				20BF276E19AB53750072D299 /* XCTest.framework */,
			);
			name = Frameworks;
			sourceTree = "<group>";
		};
		20BF274F19AB53750072D299 /* Academy387Day6 */ = {
			isa = PBXGroup;
			children = (
				20BF275819AB53750072D299 /* day4AcademyAppDelegate.h */,
				20BF275919AB53750072D299 /* day4AcademyAppDelegate.m */,
				20BF275B19AB53750072D299 /* Main.storyboard */,
				20BF276119AB53750072D299 /* day4AcademyMasterViewController.h */,
				20BF276219AB53750072D299 /* day4AcademyMasterViewController.m */,
				20BF276419AB53750072D299 /* day4AcademyDetailViewController.h */,
				20BF276519AB53750072D299 /* day4AcademyDetailViewController.m */,
				20BF276719AB53750072D299 /* Images.xcassets */,
				20BF275E19AB53750072D299 /* Academy387Day6.xcdatamodeld */,
				20BF275019AB53750072D299 /* Supporting Files */,
			);
			path = Academy387Day6;
			sourceTree = "<group>";
		};
		20BF275019AB53750072D299 /* Supporting Files */ = {
			isa = PBXGroup;
			children = (
				20BF275119AB53750072D299 /* Academy387Day6-Info.plist */,
				20BF275219AB53750072D299 /* InfoPlist.strings */,
				20BF275519AB53750072D299 /* main.m */,
				20BF275719AB53750072D299 /* Academy387Day6-Prefix.pch */,
			);
			name = "Supporting Files";
			sourceTree = "<group>";
		};
		20BF277519AB53750072D299 /* Academy387Day6Tests */ = {
			isa = PBXGroup;
			children = (
				20BF277B19AB53750072D299 /* Academy387Day6Tests.m */,
				20BF277619AB53750072D299 /* Supporting Files */,
			);
			path = Academy387Day6Tests;
			sourceTree = "<group>";
		};
		20BF277619AB53750072D299 /* Supporting Files */ = {
			isa = PBXGroup;
			children = (
				20BF277719AB53750072D299 /* Academy387Day6Tests-Info.plist */,
				20BF277819AB53750072D299 /* InfoPlist.strings */,
			);
			name = "Supporting Files";
			sourceTree = "<group>";
		};
/* End PBXGroup section */

/* Begin PBXNativeTarget section */
		20BF274319AB53750072D299 /* Academy387Day6 */ = {
			isa = PBXNativeTarget;
			buildConfigurationList = 20BF277F19AB53750072D299 /* Build configuration list for PBXNativeTarget "Academy387Day6" */;
			buildPhases = (
				20BF274019AB53750072D299 /* Sources */,
				20BF274119AB53750072D299 /* Frameworks */,
				20BF274219AB53750072D299 /* Resources */,
			);
			buildRules = (
			);
			dependencies = (
			);
			name = Academy387Day6;
			productName = Academy387Day6;
			productReference = 20BF274419AB53750072D299 /* Academy387Day6.app */;
			productType = "com.apple.product-type.application";
		};
		20BF276C19AB53750072D299 /* Academy387Day6Tests */ = {
			isa = PBXNativeTarget;
			buildConfigurationList = 20BF278219AB53750072D299 /* Build configuration list for PBXNativeTarget "Academy387Day6Tests" */;
			buildPhases = (
				20BF276919AB53750072D299 /* Sources */,
				20BF276A19AB53750072D299 /* Frameworks */,
				20BF276B19AB53750072D299 /* Resources */,
			);
			buildRules = (
			);
			dependencies = (
				20BF277419AB53750072D299 /* PBXTargetDependency */,
			);
			name = Academy387Day6Tests;
			productName = Academy387Day6Tests;
			productReference = 20BF276D19AB53750072D299 /* Academy387Day6Tests.xctest */;
			productType = "com.apple.product-type.bundle.unit-test";
		};
/* End PBXNativeTarget section */

/* Begin PBXProject section */
		20BF273C19AB53750072D299 /* Project object */ = {
			isa = PBXProject;
			attributes = {
				CLASSPREFIX = day4Academy;
				LastUpgradeCheck = 0510;
				ORGANIZATIONNAME = "Faik Catibusic";
				TargetAttributes = {
					20BF276C19AB53750072D299 = {
						TestTargetID = 20BF274319AB53750072D299;
					};
				};
			};
			buildConfigurationList = 20BF273F19AB53750072D299 /* Build configuration list for PBXProject "Academy387Day6" */;
			compatibilityVersion = "Xcode 3.2";
			developmentRegion = English;
			hasScannedForEncodings = 0;
			knownRegions = (
				en,
				Base,
			);
			mainGroup = 20BF273B19AB53750072D299;
			productRefGroup = 20BF274519AB53750072D299 /* Products */;
			projectDirPath = "";
			projectRoot = "";
			targets = (
				20BF274319AB53750072D299 /* Academy387Day6 */,
				20BF276C19AB53750072D299 /* Academy387Day6Tests */,
			);
		};
/* End PBXProject section */

/* Begin PBXResourcesBuildPhase section */
		20BF274219AB53750072D299 /* Resources */ = {
			isa = PBXResourcesBuildPhase;
			buildActionMask = 2147483647;
			files = (
				20BF276819AB53750072D299 /* Images.xcassets in Resources */,
				20BF275419AB53750072D299 /* InfoPlist.strings in Resources */,
				20BF275D19AB53750072D299 /* Main.storyboard in Resources */,
			);
			runOnlyForDeploymentPostprocessing = 0;
		};
		20BF276B19AB53750072D299 /* Resources */ = {
			isa = PBXResourcesBuildPhase;
			buildActionMask = 2147483647;
			files = (
				20BF277A19AB53750072D299 /* InfoPlist.strings in Resources */,
			);
			runOnlyForDeploymentPostprocessing = 0;
		};
/* End PBXResourcesBuildPhase section */

/* Begin PBXSourcesBuildPhase section */
		20BF274019AB53750072D299 /* Sources */ = {
			isa = PBXSourcesBuildPhase;
			buildActionMask = 2147483647;
			files = (
				20BF275619AB53750072D299 /* main.m in Sources */,
				20BF276019AB53750072D299 /* Academy387Day6.xcdatamodeld in Sources */,
				20BF275A19AB53750072D299 /* day4AcademyAppDelegate.m in Sources */,
				20BF276619AB53750072D299 /* day4AcademyDetailViewController.m in Sources */,
				20BF276319AB53750072D299 /* day4AcademyMasterViewController.m in Sources */,
			);
			runOnlyForDeploymentPostprocessing = 0;
		};
		20BF276919AB53750072D299 /* Sources */ = {
			isa = PBXSourcesBuildPhase;
			buildActionMask = 2147483647;
			files = (
				20BF277C19AB53750072D299 /* Academy387Day6Tests.m in Sources */,
			);
			runOnlyForDeploymentPostprocessing = 0;
		};
/* End PBXSourcesBuildPhase section */

/* Begin PBXTargetDependency section */
		20BF277419AB53750072D299 /* PBXTargetDependency */ = {
			isa = PBXTargetDependency;
			target = 20BF274319AB53750072D299 /* Academy387Day6 */;
			targetProxy = 20BF277319AB53750072D299 /* PBXContainerItemProxy */;
		};
/* End PBXTargetDependency section */

/* Begin PBXVariantGroup section */
		20BF275219AB53750072D299 /* InfoPlist.strings */ = {
			isa = PBXVariantGroup;
			children = (
				20BF275319AB53750072D299 /* en */,
			);
			name = InfoPlist.strings;
			sourceTree = "<group>";
		};
		20BF275B19AB53750072D299 /* Main.storyboard */ = {
			isa = PBXVariantGroup;
			children = (
				20BF275C19AB53750072D299 /* Base */,
			);
			name = Main.storyboard;
			sourceTree = "<group>";
		};
		20BF277819AB53750072D299 /* InfoPlist.strings */ = {
			isa = PBXVariantGroup;
			children = (
				20BF277919AB53750072D299 /* en */,
			);
			name = InfoPlist.strings;
			sourceTree = "<group>";
		};
/* End PBXVariantGroup section */

/* Begin XCBuildConfiguration section */
		20BF277D19AB53750072D299 /* Debug */ = {
			isa = XCBuildConfiguration;
			buildSettings = {
				ALWAYS_SEARCH_USER_PATHS = NO;
				CLANG_CXX_LANGUAGE_STANDARD = "gnu++0x";
				CLANG_CXX_LIBRARY = "libc++";
				CLANG_ENABLE_MODULES = YES;
				CLANG_ENABLE_OBJC_ARC = YES;
				CLANG_WARN_BOOL_CONVERSION = YES;
				CLANG_WARN_CONSTANT_CONVERSION = YES;
				CLANG_WARN_DIRECT_OBJC_ISA_USAGE = YES_ERROR;
				CLANG_WARN_EMPTY_BODY = YES;
				CLANG_WARN_ENUM_CONVERSION = YES;
				CLANG_WARN_INT_CONVERSION = YES;
				CLANG_WARN_OBJC_ROOT_CLASS = YES_ERROR;
				CLANG_WARN__DUPLICATE_METHOD_MATCH = YES;
				"CODE_SIGN_IDENTITY[sdk=iphoneos*]" = "iPhone Developer";
				COPY_PHASE_STRIP = NO;
				GCC_C_LANGUAGE_STANDARD = gnu99;
				GCC_DYNAMIC_NO_PIC = NO;
				GCC_OPTIMIZATION_LEVEL = 0;
				GCC_PREPROCESSOR_DEFINITIONS = (
					"DEBUG=1",
					"$(inherited)",
				);
				GCC_SYMBOLS_PRIVATE_EXTERN = NO;
				GCC_WARN_64_TO_32_BIT_CONVERSION = YES;
				GCC_WARN_ABOUT_RETURN_TYPE = YES_ERROR;
				GCC_WARN_UNDECLARED_SELECTOR = YES;
				GCC_WARN_UNINITIALIZED_AUTOS = YES_AGGRESSIVE;
				GCC_WARN_UNUSED_FUNCTION = YES;
				GCC_WARN_UNUSED_VARIABLE = YES;
				IPHONEOS_DEPLOYMENT_TARGET = 7.1;
				ONLY_ACTIVE_ARCH = YES;
				SDKROOT = iphoneos;
			};
			name = Debug;
		};
		20BF277E19AB53750072D299 /* Release */ = {
			isa = XCBuildConfiguration;
			buildSettings = {
				ALWAYS_SEARCH_USER_PATHS = NO;
				CLANG_CXX_LANGUAGE_STANDARD = "gnu++0x";
				CLANG_CXX_LIBRARY = "libc++";
				CLANG_ENABLE_MODULES = YES;
				CLANG_ENABLE_OBJC_ARC = YES;
				CLANG_WARN_BOOL_CONVERSION = YES;
				CLANG_WARN_CONSTANT_CONVERSION = YES;
				CLANG_WARN_DIRECT_OBJC_ISA_USAGE = YES_ERROR;
				CLANG_WARN_EMPTY_BODY = YES;
				CLANG_WARN_ENUM_CONVERSION = YES;
				CLANG_WARN_INT_CONVERSION = YES;
				CLANG_WARN_OBJC_ROOT_CLASS = YES_ERROR;
				CLANG_WARN__DUPLICATE_METHOD_MATCH = YES;
				"CODE_SIGN_IDENTITY[sdk=iphoneos*]" = "iPhone Developer";
				COPY_PHASE_STRIP = YES;
				ENABLE_NS_ASSERTIONS = NO;
				GCC_C_LANGUAGE_STANDARD = gnu99;
				GCC_WARN_64_TO_32_BIT_CONVERSION = YES;
				GCC_WARN_ABOUT_RETURN_TYPE = YES_ERROR;
				GCC_WARN_UNDECLARED_SELECTOR = YES;
				GCC_WARN_UNINITIALIZED_AUTOS = YES_AGGRESSIVE;
				GCC_WARN_UNUSED_FUNCTION = YES;
				GCC_WARN_UNUSED_VARIABLE = YES;
				IPHONEOS_DEPLOYMENT_TARGET = 7.1;
				SDKROOT = iphoneos;
				VALIDATE_PRODUCT = YES;
			};
			name = Release;
		};
		20BF278019AB53750072D299 /* Debug */ = {
			isa = XCBuildConfiguration;
			buildSettings = {
				ASSETCATALOG_COMPILER_APPICON_NAME = AppIcon;
				ASSETCATALOG_COMPILER_LAUNCHIMAGE_NAME = LaunchImage;
				GCC_PRECOMPILE_PREFIX_HEADER = YES;
				GCC_PREFIX_HEADER = "Academy387Day6/Academy387Day6-Prefix.pch";
				INFOPLIST_FILE = "Academy387Day6/Academy387Day6-Info.plist";
				PRODUCT_NAME = "$(TARGET_NAME)";
				WRAPPER_EXTENSION = app;
			};
			name = Debug;
		};
		20BF278119AB53750072D299 /* Release */ = {
			isa = XCBuildConfiguration;
			buildSettings = {
				ASSETCATALOG_COMPILER_APPICON_NAME = AppIcon;
				ASSETCATALOG_COMPILER_LAUNCHIMAGE_NAME = LaunchImage;
				GCC_PRECOMPILE_PREFIX_HEADER = YES;
				GCC_PREFIX_HEADER = "Academy387Day6/Academy387Day6-Prefix.pch";
				INFOPLIST_FILE = "Academy387Day6/Academy387Day6-Info.plist";
				PRODUCT_NAME = "$(TARGET_NAME)";
				WRAPPER_EXTENSION = app;
			};
			name = Release;
		};
		20BF278319AB53750072D299 /* Debug */ = {
			isa = XCBuildConfiguration;
			buildSettings = {
				BUNDLE_LOADER = "$(BUILT_PRODUCTS_DIR)/Academy387Day6.app/Academy387Day6";
				FRAMEWORK_SEARCH_PATHS = (
					"$(SDKROOT)/Developer/Library/Frameworks",
					"$(inherited)",
					"$(DEVELOPER_FRAMEWORKS_DIR)",
				);
				GCC_PRECOMPILE_PREFIX_HEADER = YES;
				GCC_PREFIX_HEADER = "Academy387Day6/Academy387Day6-Prefix.pch";
				GCC_PREPROCESSOR_DEFINITIONS = (
					"DEBUG=1",
					"$(inherited)",
				);
				INFOPLIST_FILE = "Academy387Day6Tests/Academy387Day6Tests-Info.plist";
				PRODUCT_NAME = "$(TARGET_NAME)";
				TEST_HOST = "$(BUNDLE_LOADER)";
				WRAPPER_EXTENSION = xctest;
			};
			name = Debug;
		};
		20BF278419AB53750072D299 /* Release */ = {
			isa = XCBuildConfiguration;
			buildSettings = {
				BUNDLE_LOADER = "$(BUILT_PRODUCTS_DIR)/Academy387Day6.app/Academy387Day6";
				FRAMEWORK_SEARCH_PATHS = (
					"$(SDKROOT)/Developer/Library/Frameworks",
					"$(inherited)",
					"$(DEVELOPER_FRAMEWORKS_DIR)",
				);
				GCC_PRECOMPILE_PREFIX_HEADER = YES;
				GCC_PREFIX_HEADER = "Academy387Day6/Academy387Day6-Prefix.pch";
				INFOPLIST_FILE = "Academy387Day6Tests/Academy387Day6Tests-Info.plist";
				PRODUCT_NAME = "$(TARGET_NAME)";
				TEST_HOST = "$(BUNDLE_LOADER)";
				WRAPPER_EXTENSION = xctest;
			};
			name = Release;
		};
/* End XCBuildConfiguration section */

/* Begin XCConfigurationList section */
		20BF273F19AB53750072D299 /* Build configuration list for PBXProject "Academy387Day6" */ = {
			isa = XCConfigurationList;
			buildConfigurations = (
				20BF277D19AB53750072D299 /* Debug */,
				20BF277E19AB53750072D299 /* Release */,
			);
			defaultConfigurationIsVisible = 0;
			defaultConfigurationName = Release;
		};
		20BF277F19AB53750072D299 /* Build configuration list for PBXNativeTarget "Academy387Day6" */ = {
			isa = XCConfigurationList;
			buildConfigurations = (
				20BF278019AB53750072D299 /* Debug */,
				20BF278119AB53750072D299 /* Release */,
			);
			defaultConfigurationIsVisible = 0;
		};
		20BF278219AB53750072D299 /* Build configuration list for PBXNativeTarget "Academy387Day6Tests" */ = {
			isa = XCConfigurationList;
			buildConfigurations = (
				20BF278319AB53750072D299 /* Debug */,
				20BF278419AB53750072D299 /* Release */,
			);
			defaultConfigurationIsVisible = 0;
		};
/* End XCConfigurationList section */

/* Begin XCVersionGroup section */
		20BF275E19AB53750072D299 /* Academy387Day6.xcdatamodeld */ = {
			isa = XCVersionGroup;
			children = (
				20BF275F19AB53750072D299 /* Academy387Day6.xcdatamodel */,
			);
			currentVersion = 20BF275F19AB53750072D299 /* Academy387Day6.xcdatamodel */;
			path = Academy387Day6.xcdatamodeld;
			sourceTree = "<group>";
			versionGroupType = wrapper.xcdatamodel;
		};
/* End XCVersionGroup section */
	};
	rootObject = 20BF273C19AB53750072D299 /* Project object */;
}
